
Microsoft Visual Studio Solution File, Format Version 12.00
# Visual Studio Version 16
VisualStudioVersion = 16.0.31605.320
MinimumVisualStudioVersion = 10.0.40219.1
Project("{9A19103F-16F7-4668-BE54-9A1E7A4F7556}") = "OnlineShop", "OnlineShop\OnlineShop.csproj", "{A86BFB92-19B2-4A7B-9C0E-6E2074EA0433}"
EndProject
Global
	GlobalSection(SolutionConfigurationPlatforms) = preSolution
		Debug|Any CPU = Debug|Any CPU
		Release|Any CPU = Release|Any CPU
	EndGlobalSection
	GlobalSection(ProjectConfigurationPlatforms) = postSolution
		{A86BFB92-19B2-4A7B-9C0E-6E2074EA0433}.Debug|Any CPU.ActiveCfg = Debug|Any CPU
		{A86BFB92-19B2-4A7B-9C0E-6E2074EA0433}.Debug|Any CPU.Build.0 = Debug|Any CPU
		{A86BFB92-19B2-4A7B-9C0E-6E2074EA0433}.Release|Any CPU.ActiveCfg = Release|Any CPU
		{A86BFB92-19B2-4A7B-9C0E-6E2074EA0433}.Release|Any CPU.Build.0 = Release|Any CPU
	EndGlobalSection
	GlobalSection(SolutionProperties) = preSolution
		HideSolutionNode = FALSE
	EndGlobalSection
	GlobalSection(ExtensibilityGlobals) = postSolution
		SolutionGuid = {01950EB9-202C-4131-B9FA-3349969F307E}
	EndGlobalSection
EndGlobal
